[dependencies]
  [dependencies.argo-cd]
    name = "argo-cd"
    full_name = "argo-cd_0.1.1"
    version = "0.1.1"
    sum = "0T9KTVfQ+Au1t4Y7ovaF48X9jp0A2ckfFRWM3DUhH7Q="
  [dependencies.k8s]
    name = "k8s"
    full_name = "k8s_1.28"
    version = "1.28"
    sum = "aTxPUVZyr9MdiB3YdiY/8pCh9sC55yURnZdGlJsKG6Q="
    reg = "ghcr.io"
    repo = "kcl-lang/k8s"
    oci_tag = "1.28"
